
Microsoft Visual Studio Solution File, Format Version 12.00
# Visual Studio Version 16
VisualStudioVersion = 16.0.30804.86
MinimumVisualStudioVersion = 10.0.40219.1
Project("{FAE04EC0-301F-11D3-BF4B-00C04F79EFBC}") = "Ex03.GarageLogic", "Ex03.GarageLogic\Ex03.GarageLogic.csproj", "{59A04538-2A63-48D0-A975-ABCD296C1C73}"
EndProject
Project("{FAE04EC0-301F-11D3-BF4B-00C04F79EFBC}") = "Ex03.ConsoleUI", "Ex03.ConsoleUI\Ex03.ConsoleUI.csproj", "{5256E160-405E-43BD-A067-71BE45C5DDCF}"
EndProject
Global
	GlobalSection(SolutionConfigurationPlatforms) = preSolution
		Debug|Any CPU = Debug|Any CPU
		Release|Any CPU = Release|Any CPU
	EndGlobalSection
	GlobalSection(ProjectConfigurationPlatforms) = postSolution
		{59A04538-2A63-48D0-A975-ABCD296C1C73}.Debug|Any CPU.ActiveCfg = Debug|Any CPU
		{59A04538-2A63-48D0-A975-ABCD296C1C73}.Debug|Any CPU.Build.0 = Debug|Any CPU
		{59A04538-2A63-48D0-A975-ABCD296C1C73}.Release|Any CPU.ActiveCfg = Release|Any CPU
		{59A04538-2A63-48D0-A975-ABCD296C1C73}.Release|Any CPU.Build.0 = Release|Any CPU
		{5256E160-405E-43BD-A067-71BE45C5DDCF}.Debug|Any CPU.ActiveCfg = Debug|Any CPU
		{5256E160-405E-43BD-A067-71BE45C5DDCF}.Debug|Any CPU.Build.0 = Debug|Any CPU
		{5256E160-405E-43BD-A067-71BE45C5DDCF}.Release|Any CPU.ActiveCfg = Release|Any CPU
		{5256E160-405E-43BD-A067-71BE45C5DDCF}.Release|Any CPU.Build.0 = Release|Any CPU
	EndGlobalSection
	GlobalSection(SolutionProperties) = preSolution
		HideSolutionNode = FALSE
	EndGlobalSection
	GlobalSection(ExtensibilityGlobals) = postSolution
		SolutionGuid = {94FE42E8-DF06-44CA-BA59-18EA525B9491}
	EndGlobalSection
EndGlobal
